
Microsoft Visual Studio Solution File, Format Version 12.00
# Visual Studio 15
VisualStudioVersion = 15.0.28307.539
MinimumVisualStudioVersion = 10.0.40219.1
Project("{FAE04EC0-301F-11D3-BF4B-00C04F79EFBC}") = "ParallelForEach1", "ParallelForEach1\ParallelForEach1.csproj", "{D030ED50-72CB-4B2C-B43D-1E818EC701EE}"
EndProject
Global
	GlobalSection(SolutionConfigurationPlatforms) = preSolution
		Debug|Any CPU = Debug|Any CPU
		Release|Any CPU = Release|Any CPU
	EndGlobalSection
	GlobalSection(ProjectConfigurationPlatforms) = postSolution
		{D030ED50-72CB-4B2C-B43D-1E818EC701EE}.Debug|Any CPU.ActiveCfg = Debug|Any CPU
		{D030ED50-72CB-4B2C-B43D-1E818EC701EE}.Debug|Any CPU.Build.0 = Debug|Any CPU
		{D030ED50-72CB-4B2C-B43D-1E818EC701EE}.Release|Any CPU.ActiveCfg = Release|Any CPU
		{D030ED50-72CB-4B2C-B43D-1E818EC701EE}.Release|Any CPU.Build.0 = Release|Any CPU
	EndGlobalSection
	GlobalSection(SolutionProperties) = preSolution
		HideSolutionNode = FALSE
	EndGlobalSection
	GlobalSection(ExtensibilityGlobals) = postSolution
		SolutionGuid = {EC061D08-B532-478B-9878-6B805FC050BD}
	EndGlobalSection
EndGlobal
